
Microsoft Visual Studio Solution File, Format Version 12.00
# Visual Studio Version 17
VisualStudioVersion = 17.14.36511.14
MinimumVisualStudioVersion = 10.0.40219.1
Project("{54A90642-561A-4BB1-A94E-469ADEE60C69}") = "mikosisystem.client", "mikosisystem.client\mikosisystem.client.esproj", "{F7820A10-D170-055E-2F1D-DC4CDD5A2E21}"
EndProject
Project("{FAE04EC0-301F-11D3-BF4B-00C04F79EFBC}") = "MikosiSystem.Server", "MikosiSystem.Server\MikosiSystem.Server.csproj", "{F9E990F8-515F-436D-9836-5AFCB42FA975}"
EndProject
Global
	GlobalSection(SolutionConfigurationPlatforms) = preSolution
		Debug|Any CPU = Debug|Any CPU
		Release|Any CPU = Release|Any CPU
	EndGlobalSection
	GlobalSection(ProjectConfigurationPlatforms) = postSolution
		{F7820A10-D170-055E-2F1D-DC4CDD5A2E21}.Debug|Any CPU.ActiveCfg = Debug|Any CPU
		{F7820A10-D170-055E-2F1D-DC4CDD5A2E21}.Debug|Any CPU.Build.0 = Debug|Any CPU
		{F7820A10-D170-055E-2F1D-DC4CDD5A2E21}.Debug|Any CPU.Deploy.0 = Debug|Any CPU
		{F7820A10-D170-055E-2F1D-DC4CDD5A2E21}.Release|Any CPU.ActiveCfg = Release|Any CPU
		{F7820A10-D170-055E-2F1D-DC4CDD5A2E21}.Release|Any CPU.Build.0 = Release|Any CPU
		{F7820A10-D170-055E-2F1D-DC4CDD5A2E21}.Release|Any CPU.Deploy.0 = Release|Any CPU
		{F9E990F8-515F-436D-9836-5AFCB42FA975}.Debug|Any CPU.ActiveCfg = Debug|Any CPU
		{F9E990F8-515F-436D-9836-5AFCB42FA975}.Debug|Any CPU.Build.0 = Debug|Any CPU
		{F9E990F8-515F-436D-9836-5AFCB42FA975}.Release|Any CPU.ActiveCfg = Release|Any CPU
		{F9E990F8-515F-436D-9836-5AFCB42FA975}.Release|Any CPU.Build.0 = Release|Any CPU
	EndGlobalSection
	GlobalSection(SolutionProperties) = preSolution
		HideSolutionNode = FALSE
	EndGlobalSection
	GlobalSection(ExtensibilityGlobals) = postSolution
		SolutionGuid = {6389BC6C-0F7E-458A-8D8E-166AD67AFB10}
	EndGlobalSection
EndGlobal
